
Microsoft Visual Studio Solution File, Format Version 12.00
# Visual Studio Version 16
VisualStudioVersion = 16.0.31313.79
MinimumVisualStudioVersion = 10.0.40219.1
Project("{FAE04EC0-301F-11D3-BF4B-00C04F79EFBC}") = "gitapp", "gitapp\gitapp.csproj", "{45FED5F8-5D22-4021-BA32-EB55C13D2749}"
EndProject
Global
	GlobalSection(SolutionConfigurationPlatforms) = preSolution
		Debug|Any CPU = Debug|Any CPU
		Release|Any CPU = Release|Any CPU
	EndGlobalSection
	GlobalSection(ProjectConfigurationPlatforms) = postSolution
		{45FED5F8-5D22-4021-BA32-EB55C13D2749}.Debug|Any CPU.ActiveCfg = Debug|Any CPU
		{45FED5F8-5D22-4021-BA32-EB55C13D2749}.Debug|Any CPU.Build.0 = Debug|Any CPU
		{45FED5F8-5D22-4021-BA32-EB55C13D2749}.Release|Any CPU.ActiveCfg = Release|Any CPU
		{45FED5F8-5D22-4021-BA32-EB55C13D2749}.Release|Any CPU.Build.0 = Release|Any CPU
	EndGlobalSection
	GlobalSection(SolutionProperties) = preSolution
		HideSolutionNode = FALSE
	EndGlobalSection
	GlobalSection(ExtensibilityGlobals) = postSolution
		SolutionGuid = {EE327F39-23F0-4DFB-8695-0298A32E601B}
	EndGlobalSection
EndGlobal
